
Microsoft Visual Studio Solution File, Format Version 12.00
# Visual Studio 15
VisualStudioVersion = 15.0.27428.2005
MinimumVisualStudioVersion = 10.0.40219.1
Project("{FAE04EC0-301F-11D3-BF4B-00C04F79EFBC}") = "PFAssistant.MongoContext", "PFAssistant.Data\PFAssistant.MongoContext.csproj", "{A260E7C2-93F4-438E-A52A-D3B268B4109C}"
EndProject
Project("{FAE04EC0-301F-11D3-BF4B-00C04F79EFBC}") = "SpellsConsole", "SpellsConsole\SpellsConsole.csproj", "{6834FEEF-1CC8-4299-AC42-84898EA48675}"
EndProject
Project("{FAE04EC0-301F-11D3-BF4B-00C04F79EFBC}") = "PFAssistant", "PFAssistant\PFAssistant.csproj", "{A0520F0A-DB65-4E82-8D18-CF77A7552921}"
EndProject
Project("{FAE04EC0-301F-11D3-BF4B-00C04F79EFBC}") = "PFAssistant.Models", "PFAssistant.Models\PFAssistant.Models.csproj", "{BEA5F12A-6292-4D96-A471-BA48BC626BF1}"
EndProject
Global
	GlobalSection(SolutionConfigurationPlatforms) = preSolution
		Debug|Any CPU = Debug|Any CPU
		Release|Any CPU = Release|Any CPU
	EndGlobalSection
	GlobalSection(ProjectConfigurationPlatforms) = postSolution
		{A260E7C2-93F4-438E-A52A-D3B268B4109C}.Debug|Any CPU.ActiveCfg = Debug|Any CPU
		{A260E7C2-93F4-438E-A52A-D3B268B4109C}.Debug|Any CPU.Build.0 = Debug|Any CPU
		{A260E7C2-93F4-438E-A52A-D3B268B4109C}.Release|Any CPU.ActiveCfg = Release|Any CPU
		{A260E7C2-93F4-438E-A52A-D3B268B4109C}.Release|Any CPU.Build.0 = Release|Any CPU
		{6834FEEF-1CC8-4299-AC42-84898EA48675}.Debug|Any CPU.ActiveCfg = Debug|Any CPU
		{6834FEEF-1CC8-4299-AC42-84898EA48675}.Debug|Any CPU.Build.0 = Debug|Any CPU
		{6834FEEF-1CC8-4299-AC42-84898EA48675}.Release|Any CPU.ActiveCfg = Release|Any CPU
		{6834FEEF-1CC8-4299-AC42-84898EA48675}.Release|Any CPU.Build.0 = Release|Any CPU
		{A0520F0A-DB65-4E82-8D18-CF77A7552921}.Debug|Any CPU.ActiveCfg = Debug|Any CPU
		{A0520F0A-DB65-4E82-8D18-CF77A7552921}.Debug|Any CPU.Build.0 = Debug|Any CPU
		{A0520F0A-DB65-4E82-8D18-CF77A7552921}.Release|Any CPU.ActiveCfg = Release|Any CPU
		{A0520F0A-DB65-4E82-8D18-CF77A7552921}.Release|Any CPU.Build.0 = Release|Any CPU
		{BEA5F12A-6292-4D96-A471-BA48BC626BF1}.Debug|Any CPU.ActiveCfg = Debug|Any CPU
		{BEA5F12A-6292-4D96-A471-BA48BC626BF1}.Debug|Any CPU.Build.0 = Debug|Any CPU
		{BEA5F12A-6292-4D96-A471-BA48BC626BF1}.Release|Any CPU.ActiveCfg = Release|Any CPU
		{BEA5F12A-6292-4D96-A471-BA48BC626BF1}.Release|Any CPU.Build.0 = Release|Any CPU
	EndGlobalSection
	GlobalSection(SolutionProperties) = preSolution
		HideSolutionNode = FALSE
	EndGlobalSection
	GlobalSection(ExtensibilityGlobals) = postSolution
		SolutionGuid = {45C27145-05C4-4854-8606-AC8BC924F436}
	EndGlobalSection
EndGlobal
